GEM
  remote: https://rubygems.org/
  specs:
    activemodel (8.1.3.1)
      activesupport (= 8.1.3.1)
    activerecord (8.1.3.1)
      activemodel (= 8.1.3.1)
      activesupport (= 8.1.3.1)
      timeout (>= 0.4.0)
    activesupport (8.1.3.1)
      base64
      bigdecimal
      concurrent-ruby (~> 1.0, >= 1.3.1)
      connection_pool (>= 2.2.5)
      drb
      i18n (>= 1.6, < 2)
      json
      logger (>= 1.4.2)
      minitest (>= 5.1)
      securerandom (>= 0.3)
      tzinfo (~> 2.0, >= 2.0.5)
      uri (>= 0.13.1)
    base64 (0.3.0)
    bigdecimal (4.1.2)
    concurrent-ruby (1.3.8)
    connection_pool (3.0.2)
    drb (2.2.3)
    i18n (1.15.2)
      concurrent-ruby (~> 1.0)
    json (2.21.2)
    kobako (0.21.1-aarch64-linux)
      msgpack (~> 1.7)
    kobako (0.21.1-aarch64-linux-musl)
      msgpack (~> 1.7)
    kobako (0.21.1-arm64-darwin)
      msgpack (~> 1.7)
    kobako (0.21.1-x86_64-darwin)
      msgpack (~> 1.7)
    kobako (0.21.1-x86_64-linux)
      msgpack (~> 1.7)
    kobako (0.21.1-x86_64-linux-musl)
      msgpack (~> 1.7)
    logger (1.7.0)
    minitest (6.0.6)
      drb (~> 2.0)
      prism (~> 1.5)
    msgpack (1.8.4)
    prism (1.9.0)
    securerandom (0.4.1)
    sqlite3 (2.9.5-aarch64-linux-gnu)
    sqlite3 (2.9.5-aarch64-linux-musl)
    sqlite3 (2.9.5-arm64-darwin)
    sqlite3 (2.9.5-x86_64-darwin)
    sqlite3 (2.9.5-x86_64-linux-gnu)
    sqlite3 (2.9.5-x86_64-linux-musl)
    timeout (0.6.1)
    tzinfo (2.0.6)
      concurrent-ruby (~> 1.0)
    uri (1.1.1)

PLATFORMS
  aarch64-linux
  aarch64-linux-gnu
  aarch64-linux-musl
  arm64-darwin
  x86_64-darwin
  x86_64-linux
  x86_64-linux-gnu
  x86_64-linux-musl

DEPENDENCIES
  activerecord (~> 8.1)
  kobako (= 0.21.1)
  sqlite3 (~> 2.9)

CHECKSUMS
  activemodel (8.1.3.1) sha256=99cc02ce2faec371d14440949d85787ebd23a907c9baef0a9d4bcd4d21888f88
  activerecord (8.1.3.1) sha256=0a2fb6c28f4938f6b013a3a549bec0a7e37d535f3dc8990e804bcc3258c0403b
  activesupport (8.1.3.1) sha256=85458765f25ea48b9019c46b6bb3fa5683197bf4280d9f06710a6e8d7a831376
  base64 (0.3.0) sha256=27337aeabad6ffae05c265c450490628ef3ebd4b67be58257393227588f5a97b
  bigdecimal (4.1.2) sha256=53d217666027eab4280346fba98e7d5b66baaae1b9c3c1c0ffe89d48188a3fbd
  concurrent-ruby (1.3.8) sha256=b2f1be836e968ccc78ccfce277ea79c72a88633f22306782c16ff23fb415d1e1
  connection_pool (3.0.2) sha256=33fff5ba71a12d2aa26cb72b1db8bba2a1a01823559fb01d29eb74c286e62e0a
  drb (2.2.3) sha256=0b00d6fdb50995fe4a45dea13663493c841112e4068656854646f418fda13373
  i18n (1.15.2) sha256=00f9eb62412fe593b2a65a97daa75300d37abb8f7202ec748e94b6d46a9dd1b5
  json (2.21.2) sha256=1f1d3b7cf2b3ba1a69beca0bb6db13d5438b80bff3cd54cdaaa620b9b07c1c6a
  kobako (0.21.1-aarch64-linux) sha256=58b5f2f6089986f123112cf68150fa291877d89dc07a1fa0c96bef8e9b180e1a
  kobako (0.21.1-aarch64-linux-musl) sha256=2e5a912879482d6edac4fc02c240582f89aa06e0a9187a0bade84e0e8c770c78
  kobako (0.21.1-arm64-darwin) sha256=2a1ced4c22a1272e6c0fa5877d0b49df4219182a54836afd2480622964d43b64
  kobako (0.21.1-x86_64-darwin) sha256=2783170be781807a1a55f0358c0ea245a9279675b6d0fa8d88c4d8565cf566c1
  kobako (0.21.1-x86_64-linux) sha256=a84c2e2805499660af62a237b3713e835da563a52adbc8bcb75117988985e6ef
  kobako (0.21.1-x86_64-linux-musl) sha256=ce40b1db3b14f1f9fe9a0d8f1e186f9d5dd06ab5c96aca261450d67c2f2c4b5f
  logger (1.7.0) sha256=196edec7cc44b66cfb40f9755ce11b392f21f7967696af15d274dde7edff0203
  minitest (6.0.6) sha256=153ea36d1d987a62942382b61075745042a2b3123b1cd48f4c3675af9cc7d6f1
  msgpack (1.8.4) sha256=4411c22d350dd1c20250f7eada3cca2695438c2f769cf0782f0cd065d90a3e7b
  prism (1.9.0) sha256=7b530c6a9f92c24300014919c9dcbc055bf4cdf51ec30aed099b06cd6674ef85
  securerandom (0.4.1) sha256=cc5193d414a4341b6e225f0cb4446aceca8e50d5e1888743fac16987638ea0b1
  sqlite3 (2.9.5-aarch64-linux-gnu) sha256=78075b6337d3d182c6d2b4691049ed45cd220826160c9ea18946bf6a1de200dc
  sqlite3 (2.9.5-aarch64-linux-musl) sha256=18c801185deb4adc01ddb281e8f672a39e3d1729979ca91e39439cd3eac0402d
  sqlite3 (2.9.5-arm64-darwin) sha256=d0cf444a70fc9395d513cfbcc1e6719e224aa645314e3824cb0474c721425aa2
  sqlite3 (2.9.5-x86_64-darwin) sha256=8e9caae38bd7ebb29cbeee3e7ab1d12dc2327d9a1b92c7fcf0dda05589627a81
  sqlite3 (2.9.5-x86_64-linux-gnu) sha256=233dbcb6714148dd23bc5aeb33e8efd6eac974969564ddd5794c23d5f52b231e
  sqlite3 (2.9.5-x86_64-linux-musl) sha256=e7d3a7474e8af0f96150c21abc203fbab5437206bfcdf11deab7741c0ca516f2
  timeout (0.6.1) sha256=78f57368a7e7bbadec56971f78a3f5ecbcfb59b7fcbb0a3ed6ddc08a5094accb
  tzinfo (2.0.6) sha256=8daf828cc77bcf7d63b0e3bdb6caa47e2272dcfaf4fbfe46f8c3a9df087a829b
  uri (1.1.1) sha256=379fa58d27ffb1387eaada68c749d1426738bd0f654d812fcc07e7568f5c57c6

BUNDLED WITH
  4.0.14
